
Microsoft Visual Studio Solution File, Format Version 12.00
# Visual Studio 15
VisualStudioVersion = 15.0.27703.2047
MinimumVisualStudioVersion = 10.0.40219.1
Project("{FAE04EC0-301F-11D3-BF4B-00C04F79EFBC}") = "Sales.Android", "Sales\Sales.Android\Sales.Android.csproj", "{62C4E4D5-ADEB-4BD7-8004-F7F0DB23031C}"
EndProject
Project("{FAE04EC0-301F-11D3-BF4B-00C04F79EFBC}") = "Sales.iOS", "Sales\Sales.iOS\Sales.iOS.csproj", "{AC5D7F43-579A-4672-8AAD-7392D2D7B4BE}"
EndProject
Project("{FAE04EC0-301F-11D3-BF4B-00C04F79EFBC}") = "Sales.UWP", "Sales\Sales.UWP\Sales.UWP.csproj", "{A8E3EBCD-A52E-4971-96DA-8AF610A9A4FD}"
EndProject
Project("{FAE04EC0-301F-11D3-BF4B-00C04F79EFBC}") = "Sales", "Sales\Sales\Sales.csproj", "{B8E1A7D6-8483-403B-9E73-BA139F0DF6DE}"
EndProject
Project("{FAE04EC0-301F-11D3-BF4B-00C04F79EFBC}") = "Sales.API", "Sales.API\Sales.API.csproj", "{A219A776-D868-4509-B8F7-6A9E26D17FF2}"
EndProject
Project("{FAE04EC0-301F-11D3-BF4B-00C04F79EFBC}") = "Sales.Domain", "Sales.Domain\Sales.Domain.csproj", "{4A406C10-2D83-4B0F-BB64-A3883A040E84}"
EndProject
Project("{FAE04EC0-301F-11D3-BF4B-00C04F79EFBC}") = "Sales.Common", "Sales.Common\Sales.Common.csproj", "{7E71BD66-F5A4-4621-B561-E1ECC12BCFB3}"
EndProject
Project("{FAE04EC0-301F-11D3-BF4B-00C04F79EFBC}") = "Sales.Backend", "Sales.Backend\Sales.Backend.csproj", "{3B9BA286-AD36-4532-AB78-CEAE4933E3C3}"
EndProject
Global
	GlobalSection(SolutionConfigurationPlatforms) = preSolution
		Ad-Hoc|Any CPU = Ad-Hoc|Any CPU
		Ad-Hoc|ARM = Ad-Hoc|ARM
		Ad-Hoc|iPhone = Ad-Hoc|iPhone
		Ad-Hoc|iPhoneSimulator = Ad-Hoc|iPhoneSimulator
		Ad-Hoc|x64 = Ad-Hoc|x64
		Ad-Hoc|x86 = Ad-Hoc|x86
		AppStore|Any CPU = AppStore|Any CPU
		AppStore|ARM = AppStore|ARM
		AppStore|iPhone = AppStore|iPhone
		AppStore|iPhoneSimulator = AppStore|iPhoneSimulator
		AppStore|x64 = AppStore|x64
		AppStore|x86 = AppStore|x86
		Debug|Any CPU = Debug|Any CPU
		Debug|ARM = Debug|ARM
		Debug|iPhone = Debug|iPhone
		Debug|iPhoneSimulator = Debug|iPhoneSimulator
		Debug|x64 = Debug|x64
		Debug|x86 = Debug|x86
		Release|Any CPU = Release|Any CPU
		Release|ARM = Release|ARM
		Release|iPhone = Release|iPhone
		Release|iPhoneSimulator = Release|iPhoneSimulator
		Release|x64 = Release|x64
		Release|x86 = Release|x86
	EndGlobalSection
	GlobalSection(ProjectConfigurationPlatforms) = postSolution
		{62C4E4D5-ADEB-4BD7-8004-F7F0DB23031C}.Ad-Hoc|Any CPU.ActiveCfg = Release|Any CPU
		{62C4E4D5-ADEB-4BD7-8004-F7F0DB23031C}.Ad-Hoc|Any CPU.Build.0 = Release|Any CPU
		{62C4E4D5-ADEB-4BD7-8004-F7F0DB23031C}.Ad-Hoc|Any CPU.Deploy.0 = Release|Any CPU
		{62C4E4D5-ADEB-4BD7-8004-F7F0DB23031C}.Ad-Hoc|ARM.ActiveCfg = Release|Any CPU
		{62C4E4D5-ADEB-4BD7-8004-F7F0DB23031C}.Ad-Hoc|ARM.Build.0 = Release|Any CPU
		{62C4E4D5-ADEB-4BD7-8004-F7F0DB23031C}.Ad-Hoc|ARM.Deploy.0 = Release|Any CPU
		{62C4E4D5-ADEB-4BD7-8004-F7F0DB23031C}.Ad-Hoc|iPhone.ActiveCfg = Release|Any CPU
		{62C4E4D5-ADEB-4BD7-8004-F7F0DB23031C}.Ad-Hoc|iPhone.Build.0 = Release|Any CPU
		{62C4E4D5-ADEB-4BD7-8004-F7F0DB23031C}.Ad-Hoc|iPhone.Deploy.0 = Release|Any CPU
		{62C4E4D5-ADEB-4BD7-8004-F7F0DB23031C}.Ad-Hoc|iPhoneSimulator.ActiveCfg = Release|Any CPU
		{62C4E4D5-ADEB-4BD7-8004-F7F0DB23031C}.Ad-Hoc|iPhoneSimulator.Build.0 = Release|Any CPU
		{62C4E4D5-ADEB-4BD7-8004-F7F0DB23031C}.Ad-Hoc|iPhoneSimulator.Deploy.0 = Release|Any CPU
		{62C4E4D5-ADEB-4BD7-8004-F7F0DB23031C}.Ad-Hoc|x64.ActiveCfg = Release|Any CPU
		{62C4E4D5-ADEB-4BD7-8004-F7F0DB23031C}.Ad-Hoc|x64.Build.0 = Release|Any CPU
		{62C4E4D5-ADEB-4BD7-8004-F7F0DB23031C}.Ad-Hoc|x64.Deploy.0 = Release|Any CPU
		{62C4E4D5-ADEB-4BD7-8004-F7F0DB23031C}.Ad-Hoc|x86.ActiveCfg = Release|Any CPU
		{62C4E4D5-ADEB-4BD7-8004-F7F0DB23031C}.Ad-Hoc|x86.Build.0 = Release|Any CPU
		{62C4E4D5-ADEB-4BD7-8004-F7F0DB23031C}.Ad-Hoc|x86.Deploy.0 = Release|Any CPU
		{62C4E4D5-ADEB-4BD7-8004-F7F0DB23031C}.AppStore|Any CPU.ActiveCfg = Release|Any CPU
		{62C4E4D5-ADEB-4BD7-8004-F7F0DB23031C}.AppStore|Any CPU.Build.0 = Release|Any CPU
		{62C4E4D5-ADEB-4BD7-8004-F7F0DB23031C}.AppStore|Any CPU.Deploy.0 = Release|Any CPU
		{62C4E4D5-ADEB-4BD7-8004-F7F0DB23031C}.AppStore|ARM.ActiveCfg = Release|Any CPU
		{62C4E4D5-ADEB-4BD7-8004-F7F0DB23031C}.AppStore|ARM.Build.0 = Release|Any CPU
		{62C4E4D5-ADEB-4BD7-8004-F7F0DB23031C}.AppStore|ARM.Deploy.0 = Release|Any CPU
		{62C4E4D5-ADEB-4BD7-8004-F7F0DB23031C}.AppStore|iPhone.ActiveCfg = Release|Any CPU
		{62C4E4D5-ADEB-4BD7-8004-F7F0DB23031C}.AppStore|iPhone.Build.0 = Release|Any CPU
		{62C4E4D5-ADEB-4BD7-8004-F7F0DB23031C}.AppStore|iPhone.Deploy.0 = Release|Any CPU
		{62C4E4D5-ADEB-4BD7-8004-F7F0DB23031C}.AppStore|iPhoneSimulator.ActiveCfg = Release|Any CPU
		{62C4E4D5-ADEB-4BD7-8004-F7F0DB23031C}.AppStore|iPhoneSimulator.Build.0 = Release|Any CPU
		{62C4E4D5-ADEB-4BD7-8004-F7F0DB23031C}.AppStore|iPhoneSimulator.Deploy.0 = Release|Any CPU
		{62C4E4D5-ADEB-4BD7-8004-F7F0DB23031C}.AppStore|x64.ActiveCfg = Release|Any CPU
		{62C4E4D5-ADEB-4BD7-8004-F7F0DB23031C}.AppStore|x64.Build.0 = Release|Any CPU
		{62C4E4D5-ADEB-4BD7-8004-F7F0DB23031C}.AppStore|x64.Deploy.0 = Release|Any CPU
		{62C4E4D5-ADEB-4BD7-8004-F7F0DB23031C}.AppStore|x86.ActiveCfg = Release|Any CPU
		{62C4E4D5-ADEB-4BD7-8004-F7F0DB23031C}.AppStore|x86.Build.0 = Release|Any CPU
		{62C4E4D5-ADEB-4BD7-8004-F7F0DB23031C}.AppStore|x86.Deploy.0 = Release|Any CPU
		{62C4E4D5-ADEB-4BD7-8004-F7F0DB23031C}.Debug|Any CPU.ActiveCfg = Debug|Any CPU
		{62C4E4D5-ADEB-4BD7-8004-F7F0DB23031C}.Debug|Any CPU.Build.0 = Debug|Any CPU
		{62C4E4D5-ADEB-4BD7-8004-F7F0DB23031C}.Debug|Any CPU.Deploy.0 = Debug|Any CPU
		{62C4E4D5-ADEB-4BD7-8004-F7F0DB23031C}.Debug|ARM.ActiveCfg = Debug|Any CPU
		{62C4E4D5-ADEB-4BD7-8004-F7F0DB23031C}.Debug|ARM.Build.0 = Debug|Any CPU
		{62C4E4D5-ADEB-4BD7-8004-F7F0DB23031C}.Debug|ARM.Deploy.0 = Debug|Any CPU
		{62C4E4D5-ADEB-4BD7-8004-F7F0DB23031C}.Debug|iPhone.ActiveCfg = Debug|Any CPU
		{62C4E4D5-ADEB-4BD7-8004-F7F0DB23031C}.Debug|iPhone.Build.0 = Debug|Any CPU
		{62C4E4D5-ADEB-4BD7-8004-F7F0DB23031C}.Debug|iPhone.Deploy.0 = Debug|Any CPU
		{62C4E4D5-ADEB-4BD7-8004-F7F0DB23031C}.Debug|iPhoneSimulator.ActiveCfg = Debug|Any CPU
		{62C4E4D5-ADEB-4BD7-8004-F7F0DB23031C}.Debug|iPhoneSimulator.Build.0 = Debug|Any CPU
		{62C4E4D5-ADEB-4BD7-8004-F7F0DB23031C}.Debug|iPhoneSimulator.Deploy.0 = Debug|Any CPU
		{62C4E4D5-ADEB-4BD7-8004-F7F0DB23031C}.Debug|x64.ActiveCfg = Debug|Any CPU
		{62C4E4D5-ADEB-4BD7-8004-F7F0DB23031C}.Debug|x64.Build.0 = Debug|Any CPU
		{62C4E4D5-ADEB-4BD7-8004-F7F0DB23031C}.Debug|x64.Deploy.0 = Debug|Any CPU
		{62C4E4D5-ADEB-4BD7-8004-F7F0DB23031C}.Debug|x86.ActiveCfg = Debug|Any CPU
		{62C4E4D5-ADEB-4BD7-8004-F7F0DB23031C}.Debug|x86.Build.0 = Debug|Any CPU
		{62C4E4D5-ADEB-4BD7-8004-F7F0DB23031C}.Debug|x86.Deploy.0 = Debug|Any CPU
		{62C4E4D5-ADEB-4BD7-8004-F7F0DB23031C}.Release|Any CPU.ActiveCfg = Release|Any CPU
		{62C4E4D5-ADEB-4BD7-8004-F7F0DB23031C}.Release|Any CPU.Build.0 = Release|Any CPU
		{62C4E4D5-ADEB-4BD7-8004-F7F0DB23031C}.Release|Any CPU.Deploy.0 = Release|Any CPU
		{62C4E4D5-ADEB-4BD7-8004-F7F0DB23031C}.Release|ARM.ActiveCfg = Release|Any CPU
		{62C4E4D5-ADEB-4BD7-8004-F7F0DB23031C}.Release|ARM.Build.0 = Release|Any CPU
		{62C4E4D5-ADEB-4BD7-8004-F7F0DB23031C}.Release|ARM.Deploy.0 = Release|Any CPU
		{62C4E4D5-ADEB-4BD7-8004-F7F0DB23031C}.Release|iPhone.ActiveCfg = Release|Any CPU
		{62C4E4D5-ADEB-4BD7-8004-F7F0DB23031C}.Release|iPhone.Build.0 = Release|Any CPU
		{62C4E4D5-ADEB-4BD7-8004-F7F0DB23031C}.Release|iPhone.Deploy.0 = Release|Any CPU
		{62C4E4D5-ADEB-4BD7-8004-F7F0DB23031C}.Release|iPhoneSimulator.ActiveCfg = Release|Any CPU
		{62C4E4D5-ADEB-4BD7-8004-F7F0DB23031C}.Release|iPhoneSimulator.Build.0 = Release|Any CPU
		{62C4E4D5-ADEB-4BD7-8004-F7F0DB23031C}.Release|iPhoneSimulator.Deploy.0 = Release|Any CPU
		{62C4E4D5-ADEB-4BD7-8004-F7F0DB23031C}.Release|x64.ActiveCfg = Release|Any CPU
		{62C4E4D5-ADEB-4BD7-8004-F7F0DB23031C}.Release|x64.Build.0 = Release|Any CPU
		{62C4E4D5-ADEB-4BD7-8004-F7F0DB23031C}.Release|x64.Deploy.0 = Release|Any CPU
		{62C4E4D5-ADEB-4BD7-8004-F7F0DB23031C}.Release|x86.ActiveCfg = Release|Any CPU
		{62C4E4D5-ADEB-4BD7-8004-F7F0DB23031C}.Release|x86.Build.0 = Release|Any CPU
		{62C4E4D5-ADEB-4BD7-8004-F7F0DB23031C}.Release|x86.Deploy.0 = Release|Any CPU
		{AC5D7F43-579A-4672-8AAD-7392D2D7B4BE}.Ad-Hoc|Any CPU.ActiveCfg = Ad-Hoc|iPhone
		{AC5D7F43-579A-4672-8AAD-7392D2D7B4BE}.Ad-Hoc|Any CPU.Build.0 = Ad-Hoc|iPhone
		{AC5D7F43-579A-4672-8AAD-7392D2D7B4BE}.Ad-Hoc|Any CPU.Deploy.0 = Ad-Hoc|iPhone
		{AC5D7F43-579A-4672-8AAD-7392D2D7B4BE}.Ad-Hoc|ARM.ActiveCfg = Ad-Hoc|iPhone
		{AC5D7F43-579A-4672-8AAD-7392D2D7B4BE}.Ad-Hoc|ARM.Build.0 = Ad-Hoc|iPhone
		{AC5D7F43-579A-4672-8AAD-7392D2D7B4BE}.Ad-Hoc|ARM.Deploy.0 = Ad-Hoc|iPhone
		{AC5D7F43-579A-4672-8AAD-7392D2D7B4BE}.Ad-Hoc|iPhone.ActiveCfg = Ad-Hoc|iPhone
		{AC5D7F43-579A-4672-8AAD-7392D2D7B4BE}.Ad-Hoc|iPhone.Build.0 = Ad-Hoc|iPhone
		{AC5D7F43-579A-4672-8AAD-7392D2D7B4BE}.Ad-Hoc|iPhone.Deploy.0 = Ad-Hoc|iPhone
		{AC5D7F43-579A-4672-8AAD-7392D2D7B4BE}.Ad-Hoc|iPhoneSimulator.ActiveCfg = Ad-Hoc|iPhoneSimulator
		{AC5D7F43-579A-4672-8AAD-7392D2D7B4BE}.Ad-Hoc|iPhoneSimulator.Build.0 = Ad-Hoc|iPhoneSimulator
		{AC5D7F43-579A-4672-8AAD-7392D2D7B4BE}.Ad-Hoc|iPhoneSimulator.Deploy.0 = Ad-Hoc|iPhoneSimulator
		{AC5D7F43-579A-4672-8AAD-7392D2D7B4BE}.Ad-Hoc|x64.ActiveCfg = Ad-Hoc|iPhone
		{AC5D7F43-579A-4672-8AAD-7392D2D7B4BE}.Ad-Hoc|x64.Build.0 = Ad-Hoc|iPhone
		{AC5D7F43-579A-4672-8AAD-7392D2D7B4BE}.Ad-Hoc|x64.Deploy.0 = Ad-Hoc|iPhone
		{AC5D7F43-579A-4672-8AAD-7392D2D7B4BE}.Ad-Hoc|x86.ActiveCfg = Ad-Hoc|iPhone
		{AC5D7F43-579A-4672-8AAD-7392D2D7B4BE}.Ad-Hoc|x86.Build.0 = Ad-Hoc|iPhone
		{AC5D7F43-579A-4672-8AAD-7392D2D7B4BE}.Ad-Hoc|x86.Deploy.0 = Ad-Hoc|iPhone
		{AC5D7F43-579A-4672-8AAD-7392D2D7B4BE}.AppStore|Any CPU.ActiveCfg = AppStore|iPhone
		{AC5D7F43-579A-4672-8AAD-7392D2D7B4BE}.AppStore|Any CPU.Build.0 = AppStore|iPhone
		{AC5D7F43-579A-4672-8AAD-7392D2D7B4BE}.AppStore|Any CPU.Deploy.0 = AppStore|iPhone
		{AC5D7F43-579A-4672-8AAD-7392D2D7B4BE}.AppStore|ARM.ActiveCfg = AppStore|iPhone
		{AC5D7F43-579A-4672-8AAD-7392D2D7B4BE}.AppStore|ARM.Build.0 = AppStore|iPhone
		{AC5D7F43-579A-4672-8AAD-7392D2D7B4BE}.AppStore|ARM.Deploy.0 = AppStore|iPhone
		{AC5D7F43-579A-4672-8AAD-7392D2D7B4BE}.AppStore|iPhone.ActiveCfg = AppStore|iPhone
		{AC5D7F43-579A-4672-8AAD-7392D2D7B4BE}.AppStore|iPhone.Build.0 = AppStore|iPhone
		{AC5D7F43-579A-4672-8AAD-7392D2D7B4BE}.AppStore|iPhone.Deploy.0 = AppStore|iPhone
		{AC5D7F43-579A-4672-8AAD-7392D2D7B4BE}.AppStore|iPhoneSimulator.ActiveCfg = AppStore|iPhoneSimulator
		{AC5D7F43-579A-4672-8AAD-7392D2D7B4BE}.AppStore|iPhoneSimulator.Build.0 = AppStore|iPhoneSimulator
		{AC5D7F43-579A-4672-8AAD-7392D2D7B4BE}.AppStore|iPhoneSimulator.Deploy.0 = AppStore|iPhoneSimulator
		{AC5D7F43-579A-4672-8AAD-7392D2D7B4BE}.AppStore|x64.ActiveCfg = AppStore|iPhone
		{AC5D7F43-579A-4672-8AAD-7392D2D7B4BE}.AppStore|x64.Build.0 = AppStore|iPhone
		{AC5D7F43-579A-4672-8AAD-7392D2D7B4BE}.AppStore|x64.Deploy.0 = AppStore|iPhone
		{AC5D7F43-579A-4672-8AAD-7392D2D7B4BE}.AppStore|x86.ActiveCfg = AppStore|iPhone
		{AC5D7F43-579A-4672-8AAD-7392D2D7B4BE}.AppStore|x86.Build.0 = AppStore|iPhone
		{AC5D7F43-579A-4672-8AAD-7392D2D7B4BE}.AppStore|x86.Deploy.0 = AppStore|iPhone
		{AC5D7F43-579A-4672-8AAD-7392D2D7B4BE}.Debug|Any CPU.ActiveCfg = Debug|iPhoneSimulator
		{AC5D7F43-579A-4672-8AAD-7392D2D7B4BE}.Debug|Any CPU.Build.0 = Debug|iPhoneSimulator
		{AC5D7F43-579A-4672-8AAD-7392D2D7B4BE}.Debug|Any CPU.Deploy.0 = Debug|iPhoneSimulator
		{AC5D7F43-579A-4672-8AAD-7392D2D7B4BE}.Debug|ARM.ActiveCfg = Debug|iPhone
		{AC5D7F43-579A-4672-8AAD-7392D2D7B4BE}.Debug|ARM.Build.0 = Debug|iPhone
		{AC5D7F43-579A-4672-8AAD-7392D2D7B4BE}.Debug|ARM.Deploy.0 = Debug|iPhone
		{AC5D7F43-579A-4672-8AAD-7392D2D7B4BE}.Debug|iPhone.ActiveCfg = Debug|iPhone
		{AC5D7F43-579A-4672-8AAD-7392D2D7B4BE}.Debug|iPhone.Build.0 = Debug|iPhone
		{AC5D7F43-579A-4672-8AAD-7392D2D7B4BE}.Debug|iPhone.Deploy.0 = Debug|iPhone
		{AC5D7F43-579A-4672-8AAD-7392D2D7B4BE}.Debug|iPhoneSimulator.ActiveCfg = Debug|iPhoneSimulator
		{AC5D7F43-579A-4672-8AAD-7392D2D7B4BE}.Debug|iPhoneSimulator.Build.0 = Debug|iPhoneSimulator
		{AC5D7F43-579A-4672-8AAD-7392D2D7B4BE}.Debug|iPhoneSimulator.Deploy.0 = Debug|iPhoneSimulator
		{AC5D7F43-579A-4672-8AAD-7392D2D7B4BE}.Debug|x64.ActiveCfg = Debug|iPhone
		{AC5D7F43-579A-4672-8AAD-7392D2D7B4BE}.Debug|x64.Build.0 = Debug|iPhone
		{AC5D7F43-579A-4672-8AAD-7392D2D7B4BE}.Debug|x64.Deploy.0 = Debug|iPhone
		{AC5D7F43-579A-4672-8AAD-7392D2D7B4BE}.Debug|x86.ActiveCfg = Debug|iPhone
		{AC5D7F43-579A-4672-8AAD-7392D2D7B4BE}.Debug|x86.Build.0 = Debug|iPhone
		{AC5D7F43-579A-4672-8AAD-7392D2D7B4BE}.Debug|x86.Deploy.0 = Debug|iPhone
		{AC5D7F43-579A-4672-8AAD-7392D2D7B4BE}.Release|Any CPU.ActiveCfg = Release|iPhone
		{AC5D7F43-579A-4672-8AAD-7392D2D7B4BE}.Release|Any CPU.Build.0 = Release|iPhone
		{AC5D7F43-579A-4672-8AAD-7392D2D7B4BE}.Release|Any CPU.Deploy.0 = Release|iPhone
		{AC5D7F43-579A-4672-8AAD-7392D2D7B4BE}.Release|ARM.ActiveCfg = Release|iPhone
		{AC5D7F43-579A-4672-8AAD-7392D2D7B4BE}.Release|ARM.Build.0 = Release|iPhone
		{AC5D7F43-579A-4672-8AAD-7392D2D7B4BE}.Release|ARM.Deploy.0 = Release|iPhone
		{AC5D7F43-579A-4672-8AAD-7392D2D7B4BE}.Release|iPhone.ActiveCfg = Release|iPhone
		{AC5D7F43-579A-4672-8AAD-7392D2D7B4BE}.Release|iPhone.Build.0 = Release|iPhone
		{AC5D7F43-579A-4672-8AAD-7392D2D7B4BE}.Release|iPhone.Deploy.0 = Release|iPhone
		{AC5D7F43-579A-4672-8AAD-7392D2D7B4BE}.Release|iPhoneSimulator.ActiveCfg = Release|iPhoneSimulator
		{AC5D7F43-579A-4672-8AAD-7392D2D7B4BE}.Release|iPhoneSimulator.Build.0 = Release|iPhoneSimulator
		{AC5D7F43-579A-4672-8AAD-7392D2D7B4BE}.Release|iPhoneSimulator.Deploy.0 = Release|iPhoneSimulator
		{AC5D7F43-579A-4672-8AAD-7392D2D7B4BE}.Release|x64.ActiveCfg = Release|iPhone
		{AC5D7F43-579A-4672-8AAD-7392D2D7B4BE}.Release|x64.Build.0 = Release|iPhone
		{AC5D7F43-579A-4672-8AAD-7392D2D7B4BE}.Release|x64.Deploy.0 = Release|iPhone
		{AC5D7F43-579A-4672-8AAD-7392D2D7B4BE}.Release|x86.ActiveCfg = Release|iPhone
		{AC5D7F43-579A-4672-8AAD-7392D2D7B4BE}.Release|x86.Build.0 = Release|iPhone
		{AC5D7F43-579A-4672-8AAD-7392D2D7B4BE}.Release|x86.Deploy.0 = Release|iPhone
		{A8E3EBCD-A52E-4971-96DA-8AF610A9A4FD}.Ad-Hoc|Any CPU.ActiveCfg = Release|x86
		{A8E3EBCD-A52E-4971-96DA-8AF610A9A4FD}.Ad-Hoc|Any CPU.Build.0 = Release|x86
		{A8E3EBCD-A52E-4971-96DA-8AF610A9A4FD}.Ad-Hoc|Any CPU.Deploy.0 = Release|x86
		{A8E3EBCD-A52E-4971-96DA-8AF610A9A4FD}.Ad-Hoc|ARM.ActiveCfg = Release|ARM
		{A8E3EBCD-A52E-4971-96DA-8AF610A9A4FD}.Ad-Hoc|ARM.Build.0 = Release|ARM
		{A8E3EBCD-A52E-4971-96DA-8AF610A9A4FD}.Ad-Hoc|ARM.Deploy.0 = Release|ARM
		{A8E3EBCD-A52E-4971-96DA-8AF610A9A4FD}.Ad-Hoc|iPhone.ActiveCfg = Release|x86
		{A8E3EBCD-A52E-4971-96DA-8AF610A9A4FD}.Ad-Hoc|iPhone.Build.0 = Release|x86
		{A8E3EBCD-A52E-4971-96DA-8AF610A9A4FD}.Ad-Hoc|iPhone.Deploy.0 = Release|x86
		{A8E3EBCD-A52E-4971-96DA-8AF610A9A4FD}.Ad-Hoc|iPhoneSimulator.ActiveCfg = Release|x86
		{A8E3EBCD-A52E-4971-96DA-8AF610A9A4FD}.Ad-Hoc|iPhoneSimulator.Build.0 = Release|x86
		{A8E3EBCD-A52E-4971-96DA-8AF610A9A4FD}.Ad-Hoc|iPhoneSimulator.Deploy.0 = Release|x86
		{A8E3EBCD-A52E-4971-96DA-8AF610A9A4FD}.Ad-Hoc|x64.ActiveCfg = Release|x64
		{A8E3EBCD-A52E-4971-96DA-8AF610A9A4FD}.Ad-Hoc|x64.Build.0 = Release|x64
		{A8E3EBCD-A52E-4971-96DA-8AF610A9A4FD}.Ad-Hoc|x64.Deploy.0 = Release|x64
		{A8E3EBCD-A52E-4971-96DA-8AF610A9A4FD}.Ad-Hoc|x86.ActiveCfg = Release|x86
		{A8E3EBCD-A52E-4971-96DA-8AF610A9A4FD}.Ad-Hoc|x86.Build.0 = Release|x86
		{A8E3EBCD-A52E-4971-96DA-8AF610A9A4FD}.Ad-Hoc|x86.Deploy.0 = Release|x86
		{A8E3EBCD-A52E-4971-96DA-8AF610A9A4FD}.AppStore|Any CPU.ActiveCfg = Release|x86
		{A8E3EBCD-A52E-4971-96DA-8AF610A9A4FD}.AppStore|Any CPU.Build.0 = Release|x86
		{A8E3EBCD-A52E-4971-96DA-8AF610A9A4FD}.AppStore|Any CPU.Deploy.0 = Release|x86
		{A8E3EBCD-A52E-4971-96DA-8AF610A9A4FD}.AppStore|ARM.ActiveCfg = Release|ARM
		{A8E3EBCD-A52E-4971-96DA-8AF610A9A4FD}.AppStore|ARM.Build.0 = Release|ARM
		{A8E3EBCD-A52E-4971-96DA-8AF610A9A4FD}.AppStore|ARM.Deploy.0 = Release|ARM
		{A8E3EBCD-A52E-4971-96DA-8AF610A9A4FD}.AppStore|iPhone.ActiveCfg = Release|x86
		{A8E3EBCD-A52E-4971-96DA-8AF610A9A4FD}.AppStore|iPhone.Build.0 = Release|x86
		{A8E3EBCD-A52E-4971-96DA-8AF610A9A4FD}.AppStore|iPhone.Deploy.0 = Release|x86
		{A8E3EBCD-A52E-4971-96DA-8AF610A9A4FD}.AppStore|iPhoneSimulator.ActiveCfg = Release|x86
		{A8E3EBCD-A52E-4971-96DA-8AF610A9A4FD}.AppStore|iPhoneSimulator.Build.0 = Release|x86
		{A8E3EBCD-A52E-4971-96DA-8AF610A9A4FD}.AppStore|iPhoneSimulator.Deploy.0 = Release|x86
		{A8E3EBCD-A52E-4971-96DA-8AF610A9A4FD}.AppStore|x64.ActiveCfg = Release|x64
		{A8E3EBCD-A52E-4971-96DA-8AF610A9A4FD}.AppStore|x64.Build.0 = Release|x64
		{A8E3EBCD-A52E-4971-96DA-8AF610A9A4FD}.AppStore|x64.Deploy.0 = Release|x64
		{A8E3EBCD-A52E-4971-96DA-8AF610A9A4FD}.AppStore|x86.ActiveCfg = Release|x86
		{A8E3EBCD-A52E-4971-96DA-8AF610A9A4FD}.AppStore|x86.Build.0 = Release|x86
		{A8E3EBCD-A52E-4971-96DA-8AF610A9A4FD}.AppStore|x86.Deploy.0 = Release|x86
		{A8E3EBCD-A52E-4971-96DA-8AF610A9A4FD}.Debug|Any CPU.ActiveCfg = Debug|x86
		{A8E3EBCD-A52E-4971-96DA-8AF610A9A4FD}.Debug|Any CPU.Build.0 = Debug|x86
		{A8E3EBCD-A52E-4971-96DA-8AF610A9A4FD}.Debug|Any CPU.Deploy.0 = Debug|x86
		{A8E3EBCD-A52E-4971-96DA-8AF610A9A4FD}.Debug|ARM.ActiveCfg = Debug|ARM
		{A8E3EBCD-A52E-4971-96DA-8AF610A9A4FD}.Debug|ARM.Build.0 = Debug|ARM
		{A8E3EBCD-A52E-4971-96DA-8AF610A9A4FD}.Debug|ARM.Deploy.0 = Debug|ARM
		{A8E3EBCD-A52E-4971-96DA-8AF610A9A4FD}.Debug|iPhone.ActiveCfg = Debug|x86
		{A8E3EBCD-A52E-4971-96DA-8AF610A9A4FD}.Debug|iPhone.Build.0 = Debug|x86
		{A8E3EBCD-A52E-4971-96DA-8AF610A9A4FD}.Debug|iPhone.Deploy.0 = Debug|x86
		{A8E3EBCD-A52E-4971-96DA-8AF610A9A4FD}.Debug|iPhoneSimulator.ActiveCfg = Debug|x86
		{A8E3EBCD-A52E-4971-96DA-8AF610A9A4FD}.Debug|iPhoneSimulator.Build.0 = Debug|x86
		{A8E3EBCD-A52E-4971-96DA-8AF610A9A4FD}.Debug|iPhoneSimulator.Deploy.0 = Debug|x86
		{A8E3EBCD-A52E-4971-96DA-8AF610A9A4FD}.Debug|x64.ActiveCfg = Debug|x64
		{A8E3EBCD-A52E-4971-96DA-8AF610A9A4FD}.Debug|x64.Build.0 = Debug|x64
		{A8E3EBCD-A52E-4971-96DA-8AF610A9A4FD}.Debug|x64.Deploy.0 = Debug|x64
		{A8E3EBCD-A52E-4971-96DA-8AF610A9A4FD}.Debug|x86.ActiveCfg = Debug|x86
		{A8E3EBCD-A52E-4971-96DA-8AF610A9A4FD}.Debug|x86.Build.0 = Debug|x86
		{A8E3EBCD-A52E-4971-96DA-8AF610A9A4FD}.Debug|x86.Deploy.0 = Debug|x86
		{A8E3EBCD-A52E-4971-96DA-8AF610A9A4FD}.Release|Any CPU.ActiveCfg = Release|x86
		{A8E3EBCD-A52E-4971-96DA-8AF610A9A4FD}.Release|Any CPU.Build.0 = Release|x86
		{A8E3EBCD-A52E-4971-96DA-8AF610A9A4FD}.Release|Any CPU.Deploy.0 = Release|x86
		{A8E3EBCD-A52E-4971-96DA-8AF610A9A4FD}.Release|ARM.ActiveCfg = Release|ARM
		{A8E3EBCD-A52E-4971-96DA-8AF610A9A4FD}.Release|ARM.Build.0 = Release|ARM
		{A8E3EBCD-A52E-4971-96DA-8AF610A9A4FD}.Release|ARM.Deploy.0 = Release|ARM
		{A8E3EBCD-A52E-4971-96DA-8AF610A9A4FD}.Release|iPhone.ActiveCfg = Release|x86
		{A8E3EBCD-A52E-4971-96DA-8AF610A9A4FD}.Release|iPhone.Build.0 = Release|x86
		{A8E3EBCD-A52E-4971-96DA-8AF610A9A4FD}.Release|iPhone.Deploy.0 = Release|x86
		{A8E3EBCD-A52E-4971-96DA-8AF610A9A4FD}.Release|iPhoneSimulator.ActiveCfg = Release|x86
		{A8E3EBCD-A52E-4971-96DA-8AF610A9A4FD}.Release|iPhoneSimulator.Build.0 = Release|x86
		{A8E3EBCD-A52E-4971-96DA-8AF610A9A4FD}.Release|iPhoneSimulator.Deploy.0 = Release|x86
		{A8E3EBCD-A52E-4971-96DA-8AF610A9A4FD}.Release|x64.ActiveCfg = Release|x64
		{A8E3EBCD-A52E-4971-96DA-8AF610A9A4FD}.Release|x64.Build.0 = Release|x64
		{A8E3EBCD-A52E-4971-96DA-8AF610A9A4FD}.Release|x64.Deploy.0 = Release|x64
		{A8E3EBCD-A52E-4971-96DA-8AF610A9A4FD}.Release|x86.ActiveCfg = Release|x86
		{A8E3EBCD-A52E-4971-96DA-8AF610A9A4FD}.Release|x86.Build.0 = Release|x86
		{A8E3EBCD-A52E-4971-96DA-8AF610A9A4FD}.Release|x86.Deploy.0 = Release|x86
		{B8E1A7D6-8483-403B-9E73-BA139F0DF6DE}.Ad-Hoc|Any CPU.ActiveCfg = Debug|Any CPU
		{B8E1A7D6-8483-403B-9E73-BA139F0DF6DE}.Ad-Hoc|Any CPU.Build.0 = Debug|Any CPU
		{B8E1A7D6-8483-403B-9E73-BA139F0DF6DE}.Ad-Hoc|Any CPU.Deploy.0 = Debug|Any CPU
		{B8E1A7D6-8483-403B-9E73-BA139F0DF6DE}.Ad-Hoc|ARM.ActiveCfg = Debug|Any CPU
		{B8E1A7D6-8483-403B-9E73-BA139F0DF6DE}.Ad-Hoc|ARM.Build.0 = Debug|Any CPU
		{B8E1A7D6-8483-403B-9E73-BA139F0DF6DE}.Ad-Hoc|ARM.Deploy.0 = Debug|Any CPU
		{B8E1A7D6-8483-403B-9E73-BA139F0DF6DE}.Ad-Hoc|iPhone.ActiveCfg = Debug|Any CPU
		{B8E1A7D6-8483-403B-9E73-BA139F0DF6DE}.Ad-Hoc|iPhone.Build.0 = Debug|Any CPU
		{B8E1A7D6-8483-403B-9E73-BA139F0DF6DE}.Ad-Hoc|iPhone.Deploy.0 = Debug|Any CPU
		{B8E1A7D6-8483-403B-9E73-BA139F0DF6DE}.Ad-Hoc|iPhoneSimulator.ActiveCfg = Debug|Any CPU
		{B8E1A7D6-8483-403B-9E73-BA139F0DF6DE}.Ad-Hoc|iPhoneSimulator.Build.0 = Debug|Any CPU
		{B8E1A7D6-8483-403B-9E73-BA139F0DF6DE}.Ad-Hoc|iPhoneSimulator.Deploy.0 = Debug|Any CPU
		{B8E1A7D6-8483-403B-9E73-BA139F0DF6DE}.Ad-Hoc|x64.ActiveCfg = Debug|Any CPU
		{B8E1A7D6-8483-403B-9E73-BA139F0DF6DE}.Ad-Hoc|x64.Build.0 = Debug|Any CPU
		{B8E1A7D6-8483-403B-9E73-BA139F0DF6DE}.Ad-Hoc|x64.Deploy.0 = Debug|Any CPU
		{B8E1A7D6-8483-403B-9E73-BA139F0DF6DE}.Ad-Hoc|x86.ActiveCfg = Debug|Any CPU
		{B8E1A7D6-8483-403B-9E73-BA139F0DF6DE}.Ad-Hoc|x86.Build.0 = Debug|Any CPU
		{B8E1A7D6-8483-403B-9E73-BA139F0DF6DE}.Ad-Hoc|x86.Deploy.0 = Debug|Any CPU
		{B8E1A7D6-8483-403B-9E73-BA139F0DF6DE}.AppStore|Any CPU.ActiveCfg = Debug|Any CPU
		{B8E1A7D6-8483-403B-9E73-BA139F0DF6DE}.AppStore|Any CPU.Build.0 = Debug|Any CPU
		{B8E1A7D6-8483-403B-9E73-BA139F0DF6DE}.AppStore|Any CPU.Deploy.0 = Debug|Any CPU
		{B8E1A7D6-8483-403B-9E73-BA139F0DF6DE}.AppStore|ARM.ActiveCfg = Debug|Any CPU
		{B8E1A7D6-8483-403B-9E73-BA139F0DF6DE}.AppStore|ARM.Build.0 = Debug|Any CPU
		{B8E1A7D6-8483-403B-9E73-BA139F0DF6DE}.AppStore|ARM.Deploy.0 = Debug|Any CPU
		{B8E1A7D6-8483-403B-9E73-BA139F0DF6DE}.AppStore|iPhone.ActiveCfg = Debug|Any CPU
		{B8E1A7D6-8483-403B-9E73-BA139F0DF6DE}.AppStore|iPhone.Build.0 = Debug|Any CPU
		{B8E1A7D6-8483-403B-9E73-BA139F0DF6DE}.AppStore|iPhone.Deploy.0 = Debug|Any CPU
		{B8E1A7D6-8483-403B-9E73-BA139F0DF6DE}.AppStore|iPhoneSimulator.ActiveCfg = Debug|Any CPU
		{B8E1A7D6-8483-403B-9E73-BA139F0DF6DE}.AppStore|iPhoneSimulator.Build.0 = Debug|Any CPU
		{B8E1A7D6-8483-403B-9E73-BA139F0DF6DE}.AppStore|iPhoneSimulator.Deploy.0 = Debug|Any CPU
		{B8E1A7D6-8483-403B-9E73-BA139F0DF6DE}.AppStore|x64.ActiveCfg = Debug|Any CPU
		{B8E1A7D6-8483-403B-9E73-BA139F0DF6DE}.AppStore|x64.Build.0 = Debug|Any CPU
		{B8E1A7D6-8483-403B-9E73-BA139F0DF6DE}.AppStore|x64.Deploy.0 = Debug|Any CPU
		{B8E1A7D6-8483-403B-9E73-BA139F0DF6DE}.AppStore|x86.ActiveCfg = Debug|Any CPU
		{B8E1A7D6-8483-403B-9E73-BA139F0DF6DE}.AppStore|x86.Build.0 = Debug|Any CPU
		{B8E1A7D6-8483-403B-9E73-BA139F0DF6DE}.AppStore|x86.Deploy.0 = Debug|Any CPU
		{B8E1A7D6-8483-403B-9E73-BA139F0DF6DE}.Debug|Any CPU.ActiveCfg = Debug|Any CPU
		{B8E1A7D6-8483-403B-9E73-BA139F0DF6DE}.Debug|Any CPU.Build.0 = Debug|Any CPU
		{B8E1A7D6-8483-403B-9E73-BA139F0DF6DE}.Debug|Any CPU.Deploy.0 = Debug|Any CPU
		{B8E1A7D6-8483-403B-9E73-BA139F0DF6DE}.Debug|ARM.ActiveCfg = Debug|Any CPU
		{B8E1A7D6-8483-403B-9E73-BA139F0DF6DE}.Debug|ARM.Build.0 = Debug|Any CPU
		{B8E1A7D6-8483-403B-9E73-BA139F0DF6DE}.Debug|ARM.Deploy.0 = Debug|Any CPU
		{B8E1A7D6-8483-403B-9E73-BA139F0DF6DE}.Debug|iPhone.ActiveCfg = Debug|Any CPU
		{B8E1A7D6-8483-403B-9E73-BA139F0DF6DE}.Debug|iPhone.Build.0 = Debug|Any CPU
		{B8E1A7D6-8483-403B-9E73-BA139F0DF6DE}.Debug|iPhone.Deploy.0 = Debug|Any CPU
		{B8E1A7D6-8483-403B-9E73-BA139F0DF6DE}.Debug|iPhoneSimulator.ActiveCfg = Debug|Any CPU
		{B8E1A7D6-8483-403B-9E73-BA139F0DF6DE}.Debug|iPhoneSimulator.Build.0 = Debug|Any CPU
		{B8E1A7D6-8483-403B-9E73-BA139F0DF6DE}.Debug|iPhoneSimulator.Deploy.0 = Debug|Any CPU
		{B8E1A7D6-8483-403B-9E73-BA139F0DF6DE}.Debug|x64.ActiveCfg = Debug|Any CPU
		{B8E1A7D6-8483-403B-9E73-BA139F0DF6DE}.Debug|x64.Build.0 = Debug|Any CPU
		{B8E1A7D6-8483-403B-9E73-BA139F0DF6DE}.Debug|x64.Deploy.0 = Debug|Any CPU
		{B8E1A7D6-8483-403B-9E73-BA139F0DF6DE}.Debug|x86.ActiveCfg = Debug|Any CPU
		{B8E1A7D6-8483-403B-9E73-BA139F0DF6DE}.Debug|x86.Build.0 = Debug|Any CPU
		{B8E1A7D6-8483-403B-9E73-BA139F0DF6DE}.Debug|x86.Deploy.0 = Debug|Any CPU
		{B8E1A7D6-8483-403B-9E73-BA139F0DF6DE}.Release|Any CPU.ActiveCfg = Release|Any CPU
		{B8E1A7D6-8483-403B-9E73-BA139F0DF6DE}.Release|Any CPU.Build.0 = Release|Any CPU
		{B8E1A7D6-8483-403B-9E73-BA139F0DF6DE}.Release|Any CPU.Deploy.0 = Release|Any CPU
		{B8E1A7D6-8483-403B-9E73-BA139F0DF6DE}.Release|ARM.ActiveCfg = Release|Any CPU
		{B8E1A7D6-8483-403B-9E73-BA139F0DF6DE}.Release|ARM.Build.0 = Release|Any CPU
		{B8E1A7D6-8483-403B-9E73-BA139F0DF6DE}.Release|ARM.Deploy.0 = Release|Any CPU
		{B8E1A7D6-8483-403B-9E73-BA139F0DF6DE}.Release|iPhone.ActiveCfg = Release|Any CPU
		{B8E1A7D6-8483-403B-9E73-BA139F0DF6DE}.Release|iPhone.Build.0 = Release|Any CPU
		{B8E1A7D6-8483-403B-9E73-BA139F0DF6DE}.Release|iPhone.Deploy.0 = Release|Any CPU
		{B8E1A7D6-8483-403B-9E73-BA139F0DF6DE}.Release|iPhoneSimulator.ActiveCfg = Release|Any CPU
		{B8E1A7D6-8483-403B-9E73-BA139F0DF6DE}.Release|iPhoneSimulator.Build.0 = Release|Any CPU
		{B8E1A7D6-8483-403B-9E73-BA139F0DF6DE}.Release|iPhoneSimulator.Deploy.0 = Release|Any CPU
		{B8E1A7D6-8483-403B-9E73-BA139F0DF6DE}.Release|x64.ActiveCfg = Release|Any CPU
		{B8E1A7D6-8483-403B-9E73-BA139F0DF6DE}.Release|x64.Build.0 = Release|Any CPU
		{B8E1A7D6-8483-403B-9E73-BA139F0DF6DE}.Release|x64.Deploy.0 = Release|Any CPU
		{B8E1A7D6-8483-403B-9E73-BA139F0DF6DE}.Release|x86.ActiveCfg = Release|Any CPU
		{B8E1A7D6-8483-403B-9E73-BA139F0DF6DE}.Release|x86.Build.0 = Release|Any CPU
		{B8E1A7D6-8483-403B-9E73-BA139F0DF6DE}.Release|x86.Deploy.0 = Release|Any CPU
		{A219A776-D868-4509-B8F7-6A9E26D17FF2}.Ad-Hoc|Any CPU.ActiveCfg = Release|Any CPU
		{A219A776-D868-4509-B8F7-6A9E26D17FF2}.Ad-Hoc|Any CPU.Build.0 = Release|Any CPU
		{A219A776-D868-4509-B8F7-6A9E26D17FF2}.Ad-Hoc|ARM.ActiveCfg = Release|Any CPU
		{A219A776-D868-4509-B8F7-6A9E26D17FF2}.Ad-Hoc|ARM.Build.0 = Release|Any CPU
		{A219A776-D868-4509-B8F7-6A9E26D17FF2}.Ad-Hoc|iPhone.ActiveCfg = Release|Any CPU
		{A219A776-D868-4509-B8F7-6A9E26D17FF2}.Ad-Hoc|iPhone.Build.0 = Release|Any CPU
		{A219A776-D868-4509-B8F7-6A9E26D17FF2}.Ad-Hoc|iPhoneSimulator.ActiveCfg = Release|Any CPU
		{A219A776-D868-4509-B8F7-6A9E26D17FF2}.Ad-Hoc|iPhoneSimulator.Build.0 = Release|Any CPU
		{A219A776-D868-4509-B8F7-6A9E26D17FF2}.Ad-Hoc|x64.ActiveCfg = Release|Any CPU
		{A219A776-D868-4509-B8F7-6A9E26D17FF2}.Ad-Hoc|x64.Build.0 = Release|Any CPU
		{A219A776-D868-4509-B8F7-6A9E26D17FF2}.Ad-Hoc|x86.ActiveCfg = Release|Any CPU
		{A219A776-D868-4509-B8F7-6A9E26D17FF2}.Ad-Hoc|x86.Build.0 = Release|Any CPU
		{A219A776-D868-4509-B8F7-6A9E26D17FF2}.AppStore|Any CPU.ActiveCfg = Release|Any CPU
		{A219A776-D868-4509-B8F7-6A9E26D17FF2}.AppStore|Any CPU.Build.0 = Release|Any CPU
		{A219A776-D868-4509-B8F7-6A9E26D17FF2}.AppStore|ARM.ActiveCfg = Release|Any CPU
		{A219A776-D868-4509-B8F7-6A9E26D17FF2}.AppStore|ARM.Build.0 = Release|Any CPU
		{A219A776-D868-4509-B8F7-6A9E26D17FF2}.AppStore|iPhone.ActiveCfg = Release|Any CPU
		{A219A776-D868-4509-B8F7-6A9E26D17FF2}.AppStore|iPhone.Build.0 = Release|Any CPU
		{A219A776-D868-4509-B8F7-6A9E26D17FF2}.AppStore|iPhoneSimulator.ActiveCfg = Release|Any CPU
		{A219A776-D868-4509-B8F7-6A9E26D17FF2}.AppStore|iPhoneSimulator.Build.0 = Release|Any CPU
		{A219A776-D868-4509-B8F7-6A9E26D17FF2}.AppStore|x64.ActiveCfg = Release|Any CPU
		{A219A776-D868-4509-B8F7-6A9E26D17FF2}.AppStore|x64.Build.0 = Release|Any CPU
		{A219A776-D868-4509-B8F7-6A9E26D17FF2}.AppStore|x86.ActiveCfg = Release|Any CPU
		{A219A776-D868-4509-B8F7-6A9E26D17FF2}.AppStore|x86.Build.0 = Release|Any CPU
		{A219A776-D868-4509-B8F7-6A9E26D17FF2}.Debug|Any CPU.ActiveCfg = Debug|Any CPU
		{A219A776-D868-4509-B8F7-6A9E26D17FF2}.Debug|Any CPU.Build.0 = Debug|Any CPU
		{A219A776-D868-4509-B8F7-6A9E26D17FF2}.Debug|ARM.ActiveCfg = Debug|Any CPU
		{A219A776-D868-4509-B8F7-6A9E26D17FF2}.Debug|ARM.Build.0 = Debug|Any CPU
		{A219A776-D868-4509-B8F7-6A9E26D17FF2}.Debug|iPhone.ActiveCfg = Debug|Any CPU
		{A219A776-D868-4509-B8F7-6A9E26D17FF2}.Debug|iPhone.Build.0 = Debug|Any CPU
		{A219A776-D868-4509-B8F7-6A9E26D17FF2}.Debug|iPhoneSimulator.ActiveCfg = Debug|Any CPU
		{A219A776-D868-4509-B8F7-6A9E26D17FF2}.Debug|iPhoneSimulator.Build.0 = Debug|Any CPU
		{A219A776-D868-4509-B8F7-6A9E26D17FF2}.Debug|x64.ActiveCfg = Debug|Any CPU
		{A219A776-D868-4509-B8F7-6A9E26D17FF2}.Debug|x64.Build.0 = Debug|Any CPU
		{A219A776-D868-4509-B8F7-6A9E26D17FF2}.Debug|x86.ActiveCfg = Debug|Any CPU
		{A219A776-D868-4509-B8F7-6A9E26D17FF2}.Debug|x86.Build.0 = Debug|Any CPU
		{A219A776-D868-4509-B8F7-6A9E26D17FF2}.Release|Any CPU.ActiveCfg = Release|Any CPU
		{A219A776-D868-4509-B8F7-6A9E26D17FF2}.Release|Any CPU.Build.0 = Release|Any CPU
		{A219A776-D868-4509-B8F7-6A9E26D17FF2}.Release|ARM.ActiveCfg = Release|Any CPU
		{A219A776-D868-4509-B8F7-6A9E26D17FF2}.Release|ARM.Build.0 = Release|Any CPU
		{A219A776-D868-4509-B8F7-6A9E26D17FF2}.Release|iPhone.ActiveCfg = Release|Any CPU
		{A219A776-D868-4509-B8F7-6A9E26D17FF2}.Release|iPhone.Build.0 = Release|Any CPU
		{A219A776-D868-4509-B8F7-6A9E26D17FF2}.Release|iPhoneSimulator.ActiveCfg = Release|Any CPU
		{A219A776-D868-4509-B8F7-6A9E26D17FF2}.Release|iPhoneSimulator.Build.0 = Release|Any CPU
		{A219A776-D868-4509-B8F7-6A9E26D17FF2}.Release|x64.ActiveCfg = Release|Any CPU
		{A219A776-D868-4509-B8F7-6A9E26D17FF2}.Release|x64.Build.0 = Release|Any CPU
		{A219A776-D868-4509-B8F7-6A9E26D17FF2}.Release|x86.ActiveCfg = Release|Any CPU
		{A219A776-D868-4509-B8F7-6A9E26D17FF2}.Release|x86.Build.0 = Release|Any CPU
		{4A406C10-2D83-4B0F-BB64-A3883A040E84}.Ad-Hoc|Any CPU.ActiveCfg = Release|Any CPU
		{4A406C10-2D83-4B0F-BB64-A3883A040E84}.Ad-Hoc|Any CPU.Build.0 = Release|Any CPU
		{4A406C10-2D83-4B0F-BB64-A3883A040E84}.Ad-Hoc|ARM.ActiveCfg = Release|Any CPU
		{4A406C10-2D83-4B0F-BB64-A3883A040E84}.Ad-Hoc|ARM.Build.0 = Release|Any CPU
		{4A406C10-2D83-4B0F-BB64-A3883A040E84}.Ad-Hoc|iPhone.ActiveCfg = Release|Any CPU
		{4A406C10-2D83-4B0F-BB64-A3883A040E84}.Ad-Hoc|iPhone.Build.0 = Release|Any CPU
		{4A406C10-2D83-4B0F-BB64-A3883A040E84}.Ad-Hoc|iPhoneSimulator.ActiveCfg = Release|Any CPU
		{4A406C10-2D83-4B0F-BB64-A3883A040E84}.Ad-Hoc|iPhoneSimulator.Build.0 = Release|Any CPU
		{4A406C10-2D83-4B0F-BB64-A3883A040E84}.Ad-Hoc|x64.ActiveCfg = Release|Any CPU
		{4A406C10-2D83-4B0F-BB64-A3883A040E84}.Ad-Hoc|x64.Build.0 = Release|Any CPU
		{4A406C10-2D83-4B0F-BB64-A3883A040E84}.Ad-Hoc|x86.ActiveCfg = Release|Any CPU
		{4A406C10-2D83-4B0F-BB64-A3883A040E84}.Ad-Hoc|x86.Build.0 = Release|Any CPU
		{4A406C10-2D83-4B0F-BB64-A3883A040E84}.AppStore|Any CPU.ActiveCfg = Release|Any CPU
		{4A406C10-2D83-4B0F-BB64-A3883A040E84}.AppStore|Any CPU.Build.0 = Release|Any CPU
		{4A406C10-2D83-4B0F-BB64-A3883A040E84}.AppStore|ARM.ActiveCfg = Release|Any CPU
		{4A406C10-2D83-4B0F-BB64-A3883A040E84}.AppStore|ARM.Build.0 = Release|Any CPU
		{4A406C10-2D83-4B0F-BB64-A3883A040E84}.AppStore|iPhone.ActiveCfg = Release|Any CPU
		{4A406C10-2D83-4B0F-BB64-A3883A040E84}.AppStore|iPhone.Build.0 = Release|Any CPU
		{4A406C10-2D83-4B0F-BB64-A3883A040E84}.AppStore|iPhoneSimulator.ActiveCfg = Release|Any CPU
		{4A406C10-2D83-4B0F-BB64-A3883A040E84}.AppStore|iPhoneSimulator.Build.0 = Release|Any CPU
		{4A406C10-2D83-4B0F-BB64-A3883A040E84}.AppStore|x64.ActiveCfg = Release|Any CPU
		{4A406C10-2D83-4B0F-BB64-A3883A040E84}.AppStore|x64.Build.0 = Release|Any CPU
		{4A406C10-2D83-4B0F-BB64-A3883A040E84}.AppStore|x86.ActiveCfg = Release|Any CPU
		{4A406C10-2D83-4B0F-BB64-A3883A040E84}.AppStore|x86.Build.0 = Release|Any CPU
		{4A406C10-2D83-4B0F-BB64-A3883A040E84}.Debug|Any CPU.ActiveCfg = Debug|Any CPU
		{4A406C10-2D83-4B0F-BB64-A3883A040E84}.Debug|Any CPU.Build.0 = Debug|Any CPU
		{4A406C10-2D83-4B0F-BB64-A3883A040E84}.Debug|ARM.ActiveCfg = Debug|Any CPU
		{4A406C10-2D83-4B0F-BB64-A3883A040E84}.Debug|ARM.Build.0 = Debug|Any CPU
		{4A406C10-2D83-4B0F-BB64-A3883A040E84}.Debug|iPhone.ActiveCfg = Debug|Any CPU
		{4A406C10-2D83-4B0F-BB64-A3883A040E84}.Debug|iPhone.Build.0 = Debug|Any CPU
		{4A406C10-2D83-4B0F-BB64-A3883A040E84}.Debug|iPhoneSimulator.ActiveCfg = Debug|Any CPU
		{4A406C10-2D83-4B0F-BB64-A3883A040E84}.Debug|iPhoneSimulator.Build.0 = Debug|Any CPU
		{4A406C10-2D83-4B0F-BB64-A3883A040E84}.Debug|x64.ActiveCfg = Debug|Any CPU
		{4A406C10-2D83-4B0F-BB64-A3883A040E84}.Debug|x64.Build.0 = Debug|Any CPU
		{4A406C10-2D83-4B0F-BB64-A3883A040E84}.Debug|x86.ActiveCfg = Debug|Any CPU
		{4A406C10-2D83-4B0F-BB64-A3883A040E84}.Debug|x86.Build.0 = Debug|Any CPU
		{4A406C10-2D83-4B0F-BB64-A3883A040E84}.Release|Any CPU.ActiveCfg = Release|Any CPU
		{4A406C10-2D83-4B0F-BB64-A3883A040E84}.Release|Any CPU.Build.0 = Release|Any CPU
		{4A406C10-2D83-4B0F-BB64-A3883A040E84}.Release|ARM.ActiveCfg = Release|Any CPU
		{4A406C10-2D83-4B0F-BB64-A3883A040E84}.Release|ARM.Build.0 = Release|Any CPU
		{4A406C10-2D83-4B0F-BB64-A3883A040E84}.Release|iPhone.ActiveCfg = Release|Any CPU
		{4A406C10-2D83-4B0F-BB64-A3883A040E84}.Release|iPhone.Build.0 = Release|Any CPU
		{4A406C10-2D83-4B0F-BB64-A3883A040E84}.Release|iPhoneSimulator.ActiveCfg = Release|Any CPU
		{4A406C10-2D83-4B0F-BB64-A3883A040E84}.Release|iPhoneSimulator.Build.0 = Release|Any CPU
		{4A406C10-2D83-4B0F-BB64-A3883A040E84}.Release|x64.ActiveCfg = Release|Any CPU
		{4A406C10-2D83-4B0F-BB64-A3883A040E84}.Release|x64.Build.0 = Release|Any CPU
		{4A406C10-2D83-4B0F-BB64-A3883A040E84}.Release|x86.ActiveCfg = Release|Any CPU
		{4A406C10-2D83-4B0F-BB64-A3883A040E84}.Release|x86.Build.0 = Release|Any CPU
		{7E71BD66-F5A4-4621-B561-E1ECC12BCFB3}.Ad-Hoc|Any CPU.ActiveCfg = Release|Any CPU
		{7E71BD66-F5A4-4621-B561-E1ECC12BCFB3}.Ad-Hoc|Any CPU.Build.0 = Release|Any CPU
		{7E71BD66-F5A4-4621-B561-E1ECC12BCFB3}.Ad-Hoc|ARM.ActiveCfg = Release|Any CPU
		{7E71BD66-F5A4-4621-B561-E1ECC12BCFB3}.Ad-Hoc|ARM.Build.0 = Release|Any CPU
		{7E71BD66-F5A4-4621-B561-E1ECC12BCFB3}.Ad-Hoc|iPhone.ActiveCfg = Release|Any CPU
		{7E71BD66-F5A4-4621-B561-E1ECC12BCFB3}.Ad-Hoc|iPhone.Build.0 = Release|Any CPU
		{7E71BD66-F5A4-4621-B561-E1ECC12BCFB3}.Ad-Hoc|iPhoneSimulator.ActiveCfg = Release|Any CPU
		{7E71BD66-F5A4-4621-B561-E1ECC12BCFB3}.Ad-Hoc|iPhoneSimulator.Build.0 = Release|Any CPU
		{7E71BD66-F5A4-4621-B561-E1ECC12BCFB3}.Ad-Hoc|x64.ActiveCfg = Release|Any CPU
		{7E71BD66-F5A4-4621-B561-E1ECC12BCFB3}.Ad-Hoc|x64.Build.0 = Release|Any CPU
		{7E71BD66-F5A4-4621-B561-E1ECC12BCFB3}.Ad-Hoc|x86.ActiveCfg = Release|Any CPU
		{7E71BD66-F5A4-4621-B561-E1ECC12BCFB3}.Ad-Hoc|x86.Build.0 = Release|Any CPU
		{7E71BD66-F5A4-4621-B561-E1ECC12BCFB3}.AppStore|Any CPU.ActiveCfg = Release|Any CPU
		{7E71BD66-F5A4-4621-B561-E1ECC12BCFB3}.AppStore|Any CPU.Build.0 = Release|Any CPU
		{7E71BD66-F5A4-4621-B561-E1ECC12BCFB3}.AppStore|ARM.ActiveCfg = Release|Any CPU
		{7E71BD66-F5A4-4621-B561-E1ECC12BCFB3}.AppStore|ARM.Build.0 = Release|Any CPU
		{7E71BD66-F5A4-4621-B561-E1ECC12BCFB3}.AppStore|iPhone.ActiveCfg = Release|Any CPU
		{7E71BD66-F5A4-4621-B561-E1ECC12BCFB3}.AppStore|iPhone.Build.0 = Release|Any CPU
		{7E71BD66-F5A4-4621-B561-E1ECC12BCFB3}.AppStore|iPhoneSimulator.ActiveCfg = Release|Any CPU
		{7E71BD66-F5A4-4621-B561-E1ECC12BCFB3}.AppStore|iPhoneSimulator.Build.0 = Release|Any CPU
		{7E71BD66-F5A4-4621-B561-E1ECC12BCFB3}.AppStore|x64.ActiveCfg = Release|Any CPU
		{7E71BD66-F5A4-4621-B561-E1ECC12BCFB3}.AppStore|x64.Build.0 = Release|Any CPU
		{7E71BD66-F5A4-4621-B561-E1ECC12BCFB3}.AppStore|x86.ActiveCfg = Release|Any CPU
		{7E71BD66-F5A4-4621-B561-E1ECC12BCFB3}.AppStore|x86.Build.0 = Release|Any CPU
		{7E71BD66-F5A4-4621-B561-E1ECC12BCFB3}.Debug|Any CPU.ActiveCfg = Debug|Any CPU
		{7E71BD66-F5A4-4621-B561-E1ECC12BCFB3}.Debug|Any CPU.Build.0 = Debug|Any CPU
		{7E71BD66-F5A4-4621-B561-E1ECC12BCFB3}.Debug|ARM.ActiveCfg = Debug|Any CPU
		{7E71BD66-F5A4-4621-B561-E1ECC12BCFB3}.Debug|ARM.Build.0 = Debug|Any CPU
		{7E71BD66-F5A4-4621-B561-E1ECC12BCFB3}.Debug|iPhone.ActiveCfg = Debug|Any CPU
		{7E71BD66-F5A4-4621-B561-E1ECC12BCFB3}.Debug|iPhone.Build.0 = Debug|Any CPU
		{7E71BD66-F5A4-4621-B561-E1ECC12BCFB3}.Debug|iPhoneSimulator.ActiveCfg = Debug|Any CPU
		{7E71BD66-F5A4-4621-B561-E1ECC12BCFB3}.Debug|iPhoneSimulator.Build.0 = Debug|Any CPU
		{7E71BD66-F5A4-4621-B561-E1ECC12BCFB3}.Debug|x64.ActiveCfg = Debug|Any CPU
		{7E71BD66-F5A4-4621-B561-E1ECC12BCFB3}.Debug|x64.Build.0 = Debug|Any CPU
		{7E71BD66-F5A4-4621-B561-E1ECC12BCFB3}.Debug|x86.ActiveCfg = Debug|Any CPU
		{7E71BD66-F5A4-4621-B561-E1ECC12BCFB3}.Debug|x86.Build.0 = Debug|Any CPU
		{7E71BD66-F5A4-4621-B561-E1ECC12BCFB3}.Release|Any CPU.ActiveCfg = Release|Any CPU
		{7E71BD66-F5A4-4621-B561-E1ECC12BCFB3}.Release|Any CPU.Build.0 = Release|Any CPU
		{7E71BD66-F5A4-4621-B561-E1ECC12BCFB3}.Release|ARM.ActiveCfg = Release|Any CPU
		{7E71BD66-F5A4-4621-B561-E1ECC12BCFB3}.Release|ARM.Build.0 = Release|Any CPU
		{7E71BD66-F5A4-4621-B561-E1ECC12BCFB3}.Release|iPhone.ActiveCfg = Release|Any CPU
		{7E71BD66-F5A4-4621-B561-E1ECC12BCFB3}.Release|iPhone.Build.0 = Release|Any CPU
		{7E71BD66-F5A4-4621-B561-E1ECC12BCFB3}.Release|iPhoneSimulator.ActiveCfg = Release|Any CPU
		{7E71BD66-F5A4-4621-B561-E1ECC12BCFB3}.Release|iPhoneSimulator.Build.0 = Release|Any CPU
		{7E71BD66-F5A4-4621-B561-E1ECC12BCFB3}.Release|x64.ActiveCfg = Release|Any CPU
		{7E71BD66-F5A4-4621-B561-E1ECC12BCFB3}.Release|x64.Build.0 = Release|Any CPU
		{7E71BD66-F5A4-4621-B561-E1ECC12BCFB3}.Release|x86.ActiveCfg = Release|Any CPU
		{7E71BD66-F5A4-4621-B561-E1ECC12BCFB3}.Release|x86.Build.0 = Release|Any CPU
		{3B9BA286-AD36-4532-AB78-CEAE4933E3C3}.Ad-Hoc|Any CPU.ActiveCfg = Release|Any CPU
		{3B9BA286-AD36-4532-AB78-CEAE4933E3C3}.Ad-Hoc|Any CPU.Build.0 = Release|Any CPU
		{3B9BA286-AD36-4532-AB78-CEAE4933E3C3}.Ad-Hoc|ARM.ActiveCfg = Release|Any CPU
		{3B9BA286-AD36-4532-AB78-CEAE4933E3C3}.Ad-Hoc|ARM.Build.0 = Release|Any CPU
		{3B9BA286-AD36-4532-AB78-CEAE4933E3C3}.Ad-Hoc|iPhone.ActiveCfg = Release|Any CPU
		{3B9BA286-AD36-4532-AB78-CEAE4933E3C3}.Ad-Hoc|iPhone.Build.0 = Release|Any CPU
		{3B9BA286-AD36-4532-AB78-CEAE4933E3C3}.Ad-Hoc|iPhoneSimulator.ActiveCfg = Release|Any CPU
		{3B9BA286-AD36-4532-AB78-CEAE4933E3C3}.Ad-Hoc|iPhoneSimulator.Build.0 = Release|Any CPU
		{3B9BA286-AD36-4532-AB78-CEAE4933E3C3}.Ad-Hoc|x64.ActiveCfg = Release|Any CPU
		{3B9BA286-AD36-4532-AB78-CEAE4933E3C3}.Ad-Hoc|x64.Build.0 = Release|Any CPU
		{3B9BA286-AD36-4532-AB78-CEAE4933E3C3}.Ad-Hoc|x86.ActiveCfg = Release|Any CPU
		{3B9BA286-AD36-4532-AB78-CEAE4933E3C3}.Ad-Hoc|x86.Build.0 = Release|Any CPU
		{3B9BA286-AD36-4532-AB78-CEAE4933E3C3}.AppStore|Any CPU.ActiveCfg = Release|Any CPU
		{3B9BA286-AD36-4532-AB78-CEAE4933E3C3}.AppStore|Any CPU.Build.0 = Release|Any CPU
		{3B9BA286-AD36-4532-AB78-CEAE4933E3C3}.AppStore|ARM.ActiveCfg = Release|Any CPU
		{3B9BA286-AD36-4532-AB78-CEAE4933E3C3}.AppStore|ARM.Build.0 = Release|Any CPU
		{3B9BA286-AD36-4532-AB78-CEAE4933E3C3}.AppStore|iPhone.ActiveCfg = Release|Any CPU
		{3B9BA286-AD36-4532-AB78-CEAE4933E3C3}.AppStore|iPhone.Build.0 = Release|Any CPU
		{3B9BA286-AD36-4532-AB78-CEAE4933E3C3}.AppStore|iPhoneSimulator.ActiveCfg = Release|Any CPU
		{3B9BA286-AD36-4532-AB78-CEAE4933E3C3}.AppStore|iPhoneSimulator.Build.0 = Release|Any CPU
		{3B9BA286-AD36-4532-AB78-CEAE4933E3C3}.AppStore|x64.ActiveCfg = Release|Any CPU
		{3B9BA286-AD36-4532-AB78-CEAE4933E3C3}.AppStore|x64.Build.0 = Release|Any CPU
		{3B9BA286-AD36-4532-AB78-CEAE4933E3C3}.AppStore|x86.ActiveCfg = Release|Any CPU
		{3B9BA286-AD36-4532-AB78-CEAE4933E3C3}.AppStore|x86.Build.0 = Release|Any CPU
		{3B9BA286-AD36-4532-AB78-CEAE4933E3C3}.Debug|Any CPU.ActiveCfg = Debug|Any CPU
		{3B9BA286-AD36-4532-AB78-CEAE4933E3C3}.Debug|Any CPU.Build.0 = Debug|Any CPU
		{3B9BA286-AD36-4532-AB78-CEAE4933E3C3}.Debug|ARM.ActiveCfg = Debug|Any CPU
		{3B9BA286-AD36-4532-AB78-CEAE4933E3C3}.Debug|ARM.Build.0 = Debug|Any CPU
		{3B9BA286-AD36-4532-AB78-CEAE4933E3C3}.Debug|iPhone.ActiveCfg = Debug|Any CPU
		{3B9BA286-AD36-4532-AB78-CEAE4933E3C3}.Debug|iPhone.Build.0 = Debug|Any CPU
		{3B9BA286-AD36-4532-AB78-CEAE4933E3C3}.Debug|iPhoneSimulator.ActiveCfg = Debug|Any CPU
		{3B9BA286-AD36-4532-AB78-CEAE4933E3C3}.Debug|iPhoneSimulator.Build.0 = Debug|Any CPU
		{3B9BA286-AD36-4532-AB78-CEAE4933E3C3}.Debug|x64.ActiveCfg = Debug|Any CPU
		{3B9BA286-AD36-4532-AB78-CEAE4933E3C3}.Debug|x64.Build.0 = Debug|Any CPU
		{3B9BA286-AD36-4532-AB78-CEAE4933E3C3}.Debug|x86.ActiveCfg = Debug|Any CPU
		{3B9BA286-AD36-4532-AB78-CEAE4933E3C3}.Debug|x86.Build.0 = Debug|Any CPU
		{3B9BA286-AD36-4532-AB78-CEAE4933E3C3}.Release|Any CPU.ActiveCfg = Release|Any CPU
		{3B9BA286-AD36-4532-AB78-CEAE4933E3C3}.Release|Any CPU.Build.0 = Release|Any CPU
		{3B9BA286-AD36-4532-AB78-CEAE4933E3C3}.Release|ARM.ActiveCfg = Release|Any CPU
		{3B9BA286-AD36-4532-AB78-CEAE4933E3C3}.Release|ARM.Build.0 = Release|Any CPU
		{3B9BA286-AD36-4532-AB78-CEAE4933E3C3}.Release|iPhone.ActiveCfg = Release|Any CPU
		{3B9BA286-AD36-4532-AB78-CEAE4933E3C3}.Release|iPhone.Build.0 = Release|Any CPU
		{3B9BA286-AD36-4532-AB78-CEAE4933E3C3}.Release|iPhoneSimulator.ActiveCfg = Release|Any CPU
		{3B9BA286-AD36-4532-AB78-CEAE4933E3C3}.Release|iPhoneSimulator.Build.0 = Release|Any CPU
		{3B9BA286-AD36-4532-AB78-CEAE4933E3C3}.Release|x64.ActiveCfg = Release|Any CPU
		{3B9BA286-AD36-4532-AB78-CEAE4933E3C3}.Release|x64.Build.0 = Release|Any CPU
		{3B9BA286-AD36-4532-AB78-CEAE4933E3C3}.Release|x86.ActiveCfg = Release|Any CPU
		{3B9BA286-AD36-4532-AB78-CEAE4933E3C3}.Release|x86.Build.0 = Release|Any CPU
	EndGlobalSection
	GlobalSection(SolutionProperties) = preSolution
		HideSolutionNode = FALSE
	EndGlobalSection
	GlobalSection(ExtensibilityGlobals) = postSolution
		SolutionGuid = {1970BF36-F7D8-4C6D-82B9-FACD75C5B043}
	EndGlobalSection
EndGlobal
